// !$*UTF8*$!
{
	archiveVersion = 1;
	classes = {
	};
	objectVersion = 50;
	objects = {

/* Begin PBXBuildFile section */
		6B1D34BE219FC4CC000D472A /* AppDelegate.swift in Sources */ = {isa = PBXBuildFile; fileRef = 6B1D34BD219FC4CC000D472A /* AppDelegate.swift */; };
		6B1D34C0219FC4CC000D472A /* ViewController.swift in Sources */ = {isa = PBXBuildFile; fileRef = 6B1D34BF219FC4CC000D472A /* ViewController.swift */; };
		6B1D34C3219FC4CC000D472A /* Main.storyboard in Resources */ = {isa = PBXBuildFile; fileRef = 6B1D34C1219FC4CC000D472A /* Main.storyboard */; };
		6B1D34C5219FC4CE000D472A /* Assets.xcassets in Resources */ = {isa = PBXBuildFile; fileRef = 6B1D34C4219FC4CE000D472A /* Assets.xcassets */; };
		6B1D34C8219FC4CE000D472A /* LaunchScreen.storyboard in Resources */ = {isa = PBXBuildFile; fileRef = 6B1D34C6219FC4CE000D472A /* LaunchScreen.storyboard */; };
		6B1D34D3219FC4CE000D472A /* HelloWorldTests.swift in Sources */ = {isa = PBXBuildFile; fileRef = 6B1D34D2219FC4CE000D472A /* HelloWorldTests.swift */; };
		6B1D34DE219FC4CE000D472A /* HelloWorldUITests.swift in Sources */ = {isa = PBXBuildFile; fileRef = 6B1D34DD219FC4CE000D472A /* HelloWorldUITests.swift */; };
/* End PBXBuildFile section */

/* Begin PBXContainerItemProxy section */
		6B1D34CF219FC4CE000D472A /* PBXContainerItemProxy */ = {
			isa = PBXContainerItemProxy;
			containerPortal = 6B1D34B2219FC4CC000D472A /* Project object */;
			proxyType = 1;
			remoteGlobalIDString = 6B1D34B9219FC4CC000D472A;
			remoteInfo = HelloWorld;
		};
		6B1D34DA219FC4CE000D472A /* PBXContainerItemProxy */ = {
			isa = PBXContainerItemProxy;
			containerPortal = 6B1D34B2219FC4CC000D472A /* Project object */;
			proxyType = 1;
			remoteGlobalIDString = 6B1D34B9219FC4CC000D472A;
			remoteInfo = HelloWorld;
		};
/* End PBXContainerItemProxy section */

/* Begin PBXFileReference section */
		6B1D34BA219FC4CC000D472A /* HelloWorld.app */ = {isa = PBXFileReference; explicitFileType = wrapper.application; includeInIndex = 0; path = HelloWorld.app; sourceTree = BUILT_PRODUCTS_DIR; };
		6B1D34BD219FC4CC000D472A /* AppDelegate.swift */ = {isa = PBXFileReference; lastKnownFileType = sourcecode.swift; path = AppDelegate.swift; sourceTree = "<group>"; };
		6B1D34BF219FC4CC000D472A /* ViewController.swift */ = {isa = PBXFileReference; lastKnownFileType = sourcecode.swift; path = ViewController.swift; sourceTree = "<group>"; };
		6B1D34C2219FC4CC000D472A /* Base */ = {isa = PBXFileReference; lastKnownFileType = file.storyboard; name = Base; path = Base.lproj/Main.storyboard; sourceTree = "<group>"; };
		6B1D34C4219FC4CE000D472A /* Assets.xcassets */ = {isa = PBXFileReference; lastKnownFileType = folder.assetcatalog; path = Assets.xcassets; sourceTree = "<group>"; };
		6B1D34C7219FC4CE000D472A /* Base */ = {isa = PBXFileReference; lastKnownFileType = file.storyboard; name = Base; path = Base.lproj/LaunchScreen.storyboard; sourceTree = "<group>"; };
		6B1D34C9219FC4CE000D472A /* Info.plist */ = {isa = PBXFileReference; lastKnownFileType = text.plist.xml; path = Info.plist; sourceTree = "<group>"; };
		6B1D34CE219FC4CE000D472A /* HelloWorldTests.xctest */ = {isa = PBXFileReference; explicitFileType = wrapper.cfbundle; includeInIndex = 0; path = HelloWorldTests.xctest; sourceTree = BUILT_PRODUCTS_DIR; };
		6B1D34D2219FC4CE000D472A /* HelloWorldTests.swift */ = {isa = PBXFileReference; lastKnownFileType = sourcecode.swift; path = HelloWorldTests.swift; sourceTree = "<group>"; };
		6B1D34D4219FC4CE000D472A /* Info.plist */ = {isa = PBXFileReference; lastKnownFileType = text.plist.xml; path = Info.plist; sourceTree = "<group>"; };
		6B1D34D9219FC4CE000D472A /* HelloWorldUITests.xctest */ = {isa = PBXFileReference; explicitFileType = wrapper.cfbundle; includeInIndex = 0; path = HelloWorldUITests.xctest; sourceTree = BUILT_PRODUCTS_DIR; };
		6B1D34DD219FC4CE000D472A /* HelloWorldUITests.swift */ = {isa = PBXFileReference; lastKnownFileType = sourcecode.swift; path = HelloWorldUITests.swift; sourceTree = "<group>"; };
		6B1D34DF219FC4CE000D472A /* Info.plist */ = {isa = PBXFileReference; lastKnownFileType = text.plist.xml; path = Info.plist; sourceTree = "<group>"; };
/* End PBXFileReference section */

/* Begin PBXFrameworksBuildPhase section */
		6B1D34B7219FC4CC000D472A /* Frameworks */ = {
			isa = PBXFrameworksBuildPhase;
			buildActionMask = 2147483647;
			files = (
			);
			runOnlyForDeploymentPostprocessing = 0;
		};
		6B1D34CB219FC4CE000D472A /* Frameworks */ = {
			isa = PBXFrameworksBuildPhase;
			buildActionMask = 2147483647;
			files = (
			);
			runOnlyForDeploymentPostprocessing = 0;
		};
		6B1D34D6219FC4CE000D472A /* Frameworks */ = {
			isa = PBXFrameworksBuildPhase;
			buildActionMask = 2147483647;
			files = (
			);
			runOnlyForDeploymentPostprocessing = 0;
		};
/* End PBXFrameworksBuildPhase section */

/* Begin PBXGroup section */
		6B1D34B1219FC4CC000D472A = {
			isa = PBXGroup;
			children = (
				6B1D34BC219FC4CC000D472A /* HelloWorld */,
				6B1D34D1219FC4CE000D472A /* HelloWorldTests */,
				6B1D34DC219FC4CE000D472A /* HelloWorldUITests */,
				6B1D34BB219FC4CC000D472A /* Products */,
			);
			sourceTree = "<group>";
		};
		6B1D34BB219FC4CC000D472A /* Products */ = {
			isa = PBXGroup;
			children = (
				6B1D34BA219FC4CC000D472A /* HelloWorld.app */,
				6B1D34CE219FC4CE000D472A /* HelloWorldTests.xctest */,
				6B1D34D9219FC4CE000D472A /* HelloWorldUITests.xctest */,
			);
			name = Products;
			sourceTree = "<group>";
		};
		6B1D34BC219FC4CC000D472A /* HelloWorld */ = {
			isa = PBXGroup;
			children = (
				6B1D34BD219FC4CC000D472A /* AppDelegate.swift */,
				6B1D34BF219FC4CC000D472A /* ViewController.swift */,
				6B1D34C1219FC4CC000D472A /* Main.storyboard */,
				6B1D34C4219FC4CE000D472A /* Assets.xcassets */,
				6B1D34C6219FC4CE000D472A /* LaunchScreen.storyboard */,
				6B1D34C9219FC4CE000D472A /* Info.plist */,
			);
			path = HelloWorld;
			sourceTree = "<group>";
		};
		6B1D34D1219FC4CE000D472A /* HelloWorldTests */ = {
			isa = PBXGroup;
			children = (
				6B1D34D2219FC4CE000D472A /* HelloWorldTests.swift */,
				6B1D34D4219FC4CE000D472A /* Info.plist */,
			);
			path = HelloWorldTests;
			sourceTree = "<group>";
		};
		6B1D34DC219FC4CE000D472A /* HelloWorldUITests */ = {
			isa = PBXGroup;
			children = (
				6B1D34DD219FC4CE000D472A /* HelloWorldUITests.swift */,
				6B1D34DF219FC4CE000D472A /* Info.plist */,
			);
			path = HelloWorldUITests;
			sourceTree = "<group>";
		};
/* End PBXGroup section */

/* Begin PBXNativeTarget section */
		6B1D34B9219FC4CC000D472A /* HelloWorld */ = {
			isa = PBXNativeTarget;
			buildConfigurationList = 6B1D34E2219FC4CE000D472A /* Build configuration list for PBXNativeTarget "HelloWorld" */;
			buildPhases = (
				6B1D34B6219FC4CC000D472A /* Sources */,
				6B1D34B7219FC4CC000D472A /* Frameworks */,
				6B1D34B8219FC4CC000D472A /* Resources */,
			);
			buildRules = (
			);
			dependencies = (
			);
			name = HelloWorld;
			productName = HelloWorld;
			productReference = 6B1D34BA219FC4CC000D472A /* HelloWorld.app */;
			productType = "com.apple.product-type.application";
		};
		6B1D34CD219FC4CE000D472A /* HelloWorldTests */ = {
			isa = PBXNativeTarget;
			buildConfigurationList = 6B1D34E5219FC4CE000D472A /* Build configuration list for PBXNativeTarget "HelloWorldTests" */;
			buildPhases = (
				6B1D34CA219FC4CE000D472A /* Sources */,
				6B1D34CB219FC4CE000D472A /* Frameworks */,
				6B1D34CC219FC4CE000D472A /* Resources */,
			);
			buildRules = (
			);
			dependencies = (
				6B1D34D0219FC4CE000D472A /* PBXTargetDependency */,
			);
			name = HelloWorldTests;
			productName = HelloWorldTests;
			productReference = 6B1D34CE219FC4CE000D472A /* HelloWorldTests.xctest */;
			productType = "com.apple.product-type.bundle.unit-test";
		};
		6B1D34D8219FC4CE000D472A /* HelloWorldUITests */ = {
			isa = PBXNativeTarget;
			buildConfigurationList = 6B1D34E8219FC4CE000D472A /* Build configuration list for PBXNativeTarget "HelloWorldUITests" */;
			buildPhases = (
				6B1D34D5219FC4CE000D472A /* Sources */,
				6B1D34D6219FC4CE000D472A /* Frameworks */,
				6B1D34D7219FC4CE000D472A /* Resources */,
			);
			buildRules = (
			);
			dependencies = (
				6B1D34DB219FC4CE000D472A /* PBXTargetDependency */,
			);
			name = HelloWorldUITests;
			productName = HelloWorldUITests;
			productReference = 6B1D34D9219FC4CE000D472A /* HelloWorldUITests.xctest */;
			productType = "com.apple.product-type.bundle.ui-testing";
		};
/* End PBXNativeTarget section */

/* Begin PBXProject section */
		6B1D34B2219FC4CC000D472A /* Project object */ = {
			isa = PBXProject;
			attributes = {
				LastSwiftUpdateCheck = 1010;
				LastUpgradeCheck = 1010;
				ORGANIZATIONNAME = "402-27";
				TargetAttributes = {
					6B1D34B9219FC4CC000D472A = {
						CreatedOnToolsVersion = 10.1;
					};
					6B1D34CD219FC4CE000D472A = {
						CreatedOnToolsVersion = 10.1;
						TestTargetID = 6B1D34B9219FC4CC000D472A;
					};
					6B1D34D8219FC4CE000D472A = {
						CreatedOnToolsVersion = 10.1;
						TestTargetID = 6B1D34B9219FC4CC000D472A;
					};
				};
			};
			buildConfigurationList = 6B1D34B5219FC4CC000D472A /* Build configuration list for PBXProject "HelloWorld" */;
			compatibilityVersion = "Xcode 9.3";
			developmentRegion = en;
			hasScannedForEncodings = 0;
			knownRegions = (
				en,
				Base,
			);
			mainGroup = 6B1D34B1219FC4CC000D472A;
			productRefGroup = 6B1D34BB219FC4CC000D472A /* Products */;
			projectDirPath = "";
			projectRoot = "";
			targets = (
				6B1D34B9219FC4CC000D472A /* HelloWorld */,
				6B1D34CD219FC4CE000D472A /* HelloWorldTests */,
				6B1D34D8219FC4CE000D472A /* HelloWorldUITests */,
			);
		};
/* End PBXProject section */

/* Begin PBXResourcesBuildPhase section */
		6B1D34B8219FC4CC000D472A /* Resources */ = {
			isa = PBXResourcesBuildPhase;
			buildActionMask = 2147483647;
			files = (
				6B1D34C8219FC4CE000D472A /* LaunchScreen.storyboard in Resources */,
				6B1D34C5219FC4CE000D472A /* Assets.xcassets in Resources */,
				6B1D34C3219FC4CC000D472A /* Main.storyboard in Resources */,
			);
			runOnlyForDeploymentPostprocessing = 0;
		};
		6B1D34CC219FC4CE000D472A /* Resources */ = {
			isa = PBXResourcesBuildPhase;
			buildActionMask = 2147483647;
			files = (
			);
			runOnlyForDeploymentPostprocessing = 0;
		};
		6B1D34D7219FC4CE000D472A /* Resources */ = {
			isa = PBXResourcesBuildPhase;
			buildActionMask = 2147483647;
			files = (
			);
			runOnlyForDeploymentPostprocessing = 0;
		};
/* End PBXResourcesBuildPhase section */

/* Begin PBXSourcesBuildPhase section */
		6B1D34B6219FC4CC000D472A /* Sources */ = {
			isa = PBXSourcesBuildPhase;
			buildActionMask = 2147483647;
			files = (
				6B1D34C0219FC4CC000D472A /* ViewController.swift in Sources */,
				6B1D34BE219FC4CC000D472A /* AppDelegate.swift in Sources */,
			);
			runOnlyForDeploymentPostprocessing = 0;
		};
		6B1D34CA219FC4CE000D472A /* Sources */ = {
			isa = PBXSourcesBuildPhase;
			buildActionMask = 2147483647;
			files = (
				6B1D34D3219FC4CE000D472A /* HelloWorldTests.swift in Sources */,
			);
			runOnlyForDeploymentPostprocessing = 0;
		};
		6B1D34D5219FC4CE000D472A /* Sources */ = {
			isa = PBXSourcesBuildPhase;
			buildActionMask = 2147483647;
			files = (
				6B1D34DE219FC4CE000D472A /* HelloWorldUITests.swift in Sources */,
			);
			runOnlyForDeploymentPostprocessing = 0;
		};
/* End PBXSourcesBuildPhase section */

/* Begin PBXTargetDependency section */
		6B1D34D0219FC4CE000D472A /* PBXTargetDependency */ = {
			isa = PBXTargetDependency;
			target = 6B1D34B9219FC4CC000D472A /* HelloWorld */;
			targetProxy = 6B1D34CF219FC4CE000D472A /* PBXContainerItemProxy */;
		};
		6B1D34DB219FC4CE000D472A /* PBXTargetDependency */ = {
			isa = PBXTargetDependency;
			target = 6B1D34B9219FC4CC000D472A /* HelloWorld */;
			targetProxy = 6B1D34DA219FC4CE000D472A /* PBXContainerItemProxy */;
		};
/* End PBXTargetDependency section */

/* Begin PBXVariantGroup section */
		6B1D34C1219FC4CC000D472A /* Main.storyboard */ = {
			isa = PBXVariantGroup;
			children = (
				6B1D34C2219FC4CC000D472A /* Base */,
			);
			name = Main.storyboard;
			sourceTree = "<group>";
		};
		6B1D34C6219FC4CE000D472A /* LaunchScreen.storyboard */ = {
			isa = PBXVariantGroup;
			children = (
				6B1D34C7219FC4CE000D472A /* Base */,
			);
			name = LaunchScreen.storyboard;
			sourceTree = "<group>";
		};
/* End PBXVariantGroup section */

/* Begin XCBuildConfiguration section */
		6B1D34E0219FC4CE000D472A /* Debug */ = {
			isa = XCBuildConfiguration;
			buildSettings = {
				ALWAYS_SEARCH_USER_PATHS = NO;
				CLANG_ANALYZER_NONNULL = YES;
				CLANG_ANALYZER_NUMBER_OBJECT_CONVERSION = YES_AGGRESSIVE;
				CLANG_CXX_LANGUAGE_STANDARD = "gnu++14";
				CLANG_CXX_LIBRARY = "libc++";
				CLANG_ENABLE_MODULES = YES;
				CLANG_ENABLE_OBJC_ARC = YES;
				CLANG_ENABLE_OBJC_WEAK = YES;
				CLANG_WARN_BLOCK_CAPTURE_AUTORELEASING = YES;
				CLANG_WARN_BOOL_CONVERSION = YES;
				CLANG_WARN_COMMA = YES;
				CLANG_WARN_CONSTANT_CONVERSION = YES;
				CLANG_WARN_DEPRECATED_OBJC_IMPLEMENTATIONS = YES;
				CLANG_WARN_DIRECT_OBJC_ISA_USAGE = YES_ERROR;
				CLANG_WARN_DOCUMENTATION_COMMENTS = YES;
				CLANG_WARN_EMPTY_BODY = YES;
				CLANG_WARN_ENUM_CONVERSION = YES;
				CLANG_WARN_INFINITE_RECURSION = YES;
				CLANG_WARN_INT_CONVERSION = YES;
				CLANG_WARN_NON_LITERAL_NULL_CONVERSION = YES;
				CLANG_WARN_OBJC_IMPLICIT_RETAIN_SELF = YES;
				CLANG_WARN_OBJC_LITERAL_CONVERSION = YES;
				CLANG_WARN_OBJC_ROOT_CLASS = YES_ERROR;
				CLANG_WARN_RANGE_LOOP_ANALYSIS = YES;
				CLANG_WARN_STRICT_PROTOTYPES = YES;
				CLANG_WARN_SUSPICIOUS_MOVE = YES;
				CLANG_WARN_UNGUARDED_AVAILABILITY = YES_AGGRESSIVE;
				CLANG_WARN_UNREACHABLE_CODE = YES;
				CLANG_WARN__DUPLICATE_METHOD_MATCH = YES;
				CODE_SIGN_IDENTITY = "iPhone Developer";
				COPY_PHASE_STRIP = NO;
				DEBUG_INFORMATION_FORMAT = dwarf;
				ENABLE_STRICT_OBJC_MSGSEND = YES;
				ENABLE_TESTABILITY = YES;
				GCC_C_LANGUAGE_STANDARD = gnu11;
				GCC_DYNAMIC_NO_PIC = NO;
				GCC_NO_COMMON_BLOCKS = YES;
				GCC_OPTIMIZATION_LEVEL = 0;
				GCC_PREPROCESSOR_DEFINITIONS = (
					"DEBUG=1",
					"$(inherited)",
				);
				GCC_WARN_64_TO_32_BIT_CONVERSION = YES;
				GCC_WARN_ABOUT_RETURN_TYPE = YES_ERROR;
				GCC_WARN_UNDECLARED_SELECTOR = YES;
				GCC_WARN_UNINITIALIZED_AUTOS = YES_AGGRESSIVE;
				GCC_WARN_UNUSED_FUNCTION = YES;
				GCC_WARN_UNUSED_VARIABLE = YES;
				IPHONEOS_DEPLOYMENT_TARGET = 12.1;
				MTL_ENABLE_DEBUG_INFO = INCLUDE_SOURCE;
				MTL_FAST_MATH = YES;
				ONLY_ACTIVE_ARCH = YES;
				SDKROOT = iphoneos;
				SWIFT_ACTIVE_COMPILATION_CONDITIONS = DEBUG;
				SWIFT_OPTIMIZATION_LEVEL = "-Onone";
			};
			name = Debug;
		};
		6B1D34E1219FC4CE000D472A /* Release */ = {
			isa = XCBuildConfiguration;
			buildSettings = {
				ALWAYS_SEARCH_USER_PATHS = NO;
				CLANG_ANALYZER_NONNULL = YES;
				CLANG_ANALYZER_NUMBER_OBJECT_CONVERSION = YES_AGGRESSIVE;
				CLANG_CXX_LANGUAGE_STANDARD = "gnu++14";
				CLANG_CXX_LIBRARY = "libc++";
				CLANG_ENABLE_MODULES = YES;
				CLANG_ENABLE_OBJC_ARC = YES;
				CLANG_ENABLE_OBJC_WEAK = YES;
				CLANG_WARN_BLOCK_CAPTURE_AUTORELEASING = YES;
				CLANG_WARN_BOOL_CONVERSION = YES;
				CLANG_WARN_COMMA = YES;
				CLANG_WARN_CONSTANT_CONVERSION = YES;
				CLANG_WARN_DEPRECATED_OBJC_IMPLEMENTATIONS = YES;
				CLANG_WARN_DIRECT_OBJC_ISA_USAGE = YES_ERROR;
				CLANG_WARN_DOCUMENTATION_COMMENTS = YES;
				CLANG_WARN_EMPTY_BODY = YES;
				CLANG_WARN_ENUM_CONVERSION = YES;
				CLANG_WARN_INFINITE_RECURSION = YES;
				CLANG_WARN_INT_CONVERSION = YES;
				CLANG_WARN_NON_LITERAL_NULL_CONVERSION = YES;
				CLANG_WARN_OBJC_IMPLICIT_RETAIN_SELF = YES;
				CLANG_WARN_OBJC_LITERAL_CONVERSION = YES;
				CLANG_WARN_OBJC_ROOT_CLASS = YES_ERROR;
				CLANG_WARN_RANGE_LOOP_ANALYSIS = YES;
				CLANG_WARN_STRICT_PROTOTYPES = YES;
				CLANG_WARN_SUSPICIOUS_MOVE = YES;
				CLANG_WARN_UNGUARDED_AVAILABILITY = YES_AGGRESSIVE;
				CLANG_WARN_UNREACHABLE_CODE = YES;
				CLANG_WARN__DUPLICATE_METHOD_MATCH = YES;
				CODE_SIGN_IDENTITY = "iPhone Developer";
				COPY_PHASE_STRIP = NO;
				DEBUG_INFORMATION_FORMAT = "dwarf-with-dsym";
				ENABLE_NS_ASSERTIONS = NO;
				ENABLE_STRICT_OBJC_MSGSEND = YES;
				GCC_C_LANGUAGE_STANDARD = gnu11;
				GCC_NO_COMMON_BLOCKS = YES;
				GCC_WARN_64_TO_32_BIT_CONVERSION = YES;
				GCC_WARN_ABOUT_RETURN_TYPE = YES_ERROR;
				GCC_WARN_UNDECLARED_SELECTOR = YES;
				GCC_WARN_UNINITIALIZED_AUTOS = YES_AGGRESSIVE;
				GCC_WARN_UNUSED_FUNCTION = YES;
				GCC_WARN_UNUSED_VARIABLE = YES;
				IPHONEOS_DEPLOYMENT_TARGET = 12.1;
				MTL_ENABLE_DEBUG_INFO = NO;
				MTL_FAST_MATH = YES;
				SDKROOT = iphoneos;
				SWIFT_COMPILATION_MODE = wholemodule;
				SWIFT_OPTIMIZATION_LEVEL = "-O";
				VALIDATE_PRODUCT = YES;
			};
			name = Release;
		};
		6B1D34E3219FC4CE000D472A /* Debug */ = {
			isa = XCBuildConfiguration;
			buildSettings = {
				ASSETCATALOG_COMPILER_APPICON_NAME = AppIcon;
				CODE_SIGN_STYLE = Automatic;
				INFOPLIST_FILE = HelloWorld/Info.plist;
				LD_RUNPATH_SEARCH_PATHS = (
					"$(inherited)",
					"@executable_path/Frameworks",
				);
				PRODUCT_BUNDLE_IDENTIFIER = winnie.HelloWorld;
				PRODUCT_NAME = "$(TARGET_NAME)";
				SWIFT_VERSION = 4.2;
				TARGETED_DEVICE_FAMILY = "1,2";
			};
			name = Debug;
		};
		6B1D34E4219FC4CE000D472A /* Release */ = {
			isa = XCBuildConfiguration;
			buildSettings = {
				ASSETCATALOG_COMPILER_APPICON_NAME = AppIcon;
				CODE_SIGN_STYLE = Automatic;
				INFOPLIST_FILE = HelloWorld/Info.plist;
				LD_RUNPATH_SEARCH_PATHS = (
					"$(inherited)",
					"@executable_path/Frameworks",
				);
				PRODUCT_BUNDLE_IDENTIFIER = winnie.HelloWorld;
				PRODUCT_NAME = "$(TARGET_NAME)";
				SWIFT_VERSION = 4.2;
				TARGETED_DEVICE_FAMILY = "1,2";
			};
			name = Release;
		};
		6B1D34E6219FC4CE000D472A /* Debug */ = {
			isa = XCBuildConfiguration;
			buildSettings = {
				ALWAYS_EMBED_SWIFT_STANDARD_LIBRARIES = YES;
				BUNDLE_LOADER = "$(TEST_HOST)";
				CODE_SIGN_STYLE = Automatic;
				INFOPLIST_FILE = HelloWorldTests/Info.plist;
				LD_RUNPATH_SEARCH_PATHS = (
					"$(inherited)",
					"@executable_path/Frameworks",
					"@loader_path/Frameworks",
				);
				PRODUCT_BUNDLE_IDENTIFIER = winnie.HelloWorldTests;
				PRODUCT_NAME = "$(TARGET_NAME)";
				SWIFT_VERSION = 4.2;
				TARGETED_DEVICE_FAMILY = "1,2";
				TEST_HOST = "$(BUILT_PRODUCTS_DIR)/HelloWorld.app/HelloWorld";
			};
			name = Debug;
		};
		6B1D34E7219FC4CE000D472A /* Release */ = {
			isa = XCBuildConfiguration;
			buildSettings = {
				ALWAYS_EMBED_SWIFT_STANDARD_LIBRARIES = YES;
				BUNDLE_LOADER = "$(TEST_HOST)";
				CODE_SIGN_STYLE = Automatic;
				INFOPLIST_FILE = HelloWorldTests/Info.plist;
				LD_RUNPATH_SEARCH_PATHS = (
					"$(inherited)",
					"@executable_path/Frameworks",
					"@loader_path/Frameworks",
				);
				PRODUCT_BUNDLE_IDENTIFIER = winnie.HelloWorldTests;
				PRODUCT_NAME = "$(TARGET_NAME)";
				SWIFT_VERSION = 4.2;
				TARGETED_DEVICE_FAMILY = "1,2";
				TEST_HOST = "$(BUILT_PRODUCTS_DIR)/HelloWorld.app/HelloWorld";
			};
			name = Release;
		};
		6B1D34E9219FC4CE000D472A /* Debug */ = {
			isa = XCBuildConfiguration;
			buildSettings = {
				ALWAYS_EMBED_SWIFT_STANDARD_LIBRARIES = YES;
				CODE_SIGN_STYLE = Automatic;
				INFOPLIST_FILE = HelloWorldUITests/Info.plist;
				LD_RUNPATH_SEARCH_PATHS = (
					"$(inherited)",
					"@executable_path/Frameworks",
					"@loader_path/Frameworks",
				);
				PRODUCT_BUNDLE_IDENTIFIER = winnie.HelloWorldUITests;
				PRODUCT_NAME = "$(TARGET_NAME)";
				SWIFT_VERSION = 4.2;
				TARGETED_DEVICE_FAMILY = "1,2";
				TEST_TARGET_NAME = HelloWorld;
			};
			name = Debug;
		};
		6B1D34EA219FC4CE000D472A /* Release */ = {
			isa = XCBuildConfiguration;
			buildSettings = {
				ALWAYS_EMBED_SWIFT_STANDARD_LIBRARIES = YES;
				CODE_SIGN_STYLE = Automatic;
				INFOPLIST_FILE = HelloWorldUITests/Info.plist;
				LD_RUNPATH_SEARCH_PATHS = (
					"$(inherited)",
					"@executable_path/Frameworks",
					"@loader_path/Frameworks",
				);
				PRODUCT_BUNDLE_IDENTIFIER = winnie.HelloWorldUITests;
				PRODUCT_NAME = "$(TARGET_NAME)";
				SWIFT_VERSION = 4.2;
				TARGETED_DEVICE_FAMILY = "1,2";
				TEST_TARGET_NAME = HelloWorld;
			};
			name = Release;
		};
/* End XCBuildConfiguration section */

/* Begin XCConfigurationList section */
		6B1D34B5219FC4CC000D472A /* Build configuration list for PBXProject "HelloWorld" */ = {
			isa = XCConfigurationList;
			buildConfigurations = (
				6B1D34E0219FC4CE000D472A /* Debug */,
				6B1D34E1219FC4CE000D472A /* Release */,
			);
			defaultConfigurationIsVisible = 0;
			defaultConfigurationName = Release;
		};
		6B1D34E2219FC4CE000D472A /* Build configuration list for PBXNativeTarget "HelloWorld" */ = {
			isa = XCConfigurationList;
			buildConfigurations = (
				6B1D34E3219FC4CE000D472A /* Debug */,
				6B1D34E4219FC4CE000D472A /* Release */,
			);
			defaultConfigurationIsVisible = 0;
			defaultConfigurationName = Release;
		};
		6B1D34E5219FC4CE000D472A /* Build configuration list for PBXNativeTarget "HelloWorldTests" */ = {
			isa = XCConfigurationList;
			buildConfigurations = (
				6B1D34E6219FC4CE000D472A /* Debug */,
				6B1D34E7219FC4CE000D472A /* Release */,
			);
			defaultConfigurationIsVisible = 0;
			defaultConfigurationName = Release;
		};
		6B1D34E8219FC4CE000D472A /* Build configuration list for PBXNativeTarget "HelloWorldUITests" */ = {
			isa = XCConfigurationList;
			buildConfigurations = (
				6B1D34E9219FC4CE000D472A /* Debug */,
				6B1D34EA219FC4CE000D472A /* Release */,
			);
			defaultConfigurationIsVisible = 0;
			defaultConfigurationName = Release;
		};
/* End XCConfigurationList section */
	};
	rootObject = 6B1D34B2219FC4CC000D472A /* Project object */;
}
